
Microsoft Visual Studio Solution File, Format Version 12.00
# Visual Studio Version 16
VisualStudioVersion = 16.0.30621.155
MinimumVisualStudioVersion = 10.0.40219.1
Project("{9092AA53-FB77-4645-B42D-1CCCA6BD08BD}") = "StockTickerLive", "StockTickerLive.njsproj", "{294FFEAB-7653-419B-AF8C-4F1B6FACF8C5}"
EndProject
Global
	GlobalSection(SolutionConfigurationPlatforms) = preSolution
		Debug|Any CPU = Debug|Any CPU
		Release|Any CPU = Release|Any CPU
	EndGlobalSection
	GlobalSection(ProjectConfigurationPlatforms) = postSolution
		{294FFEAB-7653-419B-AF8C-4F1B6FACF8C5}.Debug|Any CPU.ActiveCfg = Debug|Any CPU
		{294FFEAB-7653-419B-AF8C-4F1B6FACF8C5}.Debug|Any CPU.Build.0 = Debug|Any CPU
		{294FFEAB-7653-419B-AF8C-4F1B6FACF8C5}.Release|Any CPU.ActiveCfg = Release|Any CPU
		{294FFEAB-7653-419B-AF8C-4F1B6FACF8C5}.Release|Any CPU.Build.0 = Release|Any CPU
	EndGlobalSection
	GlobalSection(SolutionProperties) = preSolution
		HideSolutionNode = FALSE
	EndGlobalSection
	GlobalSection(ExtensibilityGlobals) = postSolution
		SolutionGuid = {30864531-9E18-4DF2-809F-1EBD1C23112E}
	EndGlobalSection
EndGlobal
